// !$*UTF8*$!
{
	archiveVersion = 1;
	classes = {
	};
	objectVersion = 55;
	objects = {

/* Begin PBXBuildFile section */
		6885A1EE28442B9B004F6073 /* AppDelegate.swift in Sources */ = {isa = PBXBuildFile; fileRef = 6885A1ED28442B9B004F6073 /* AppDelegate.swift */; };
		6885A1F028442B9B004F6073 /* SceneDelegate.swift in Sources */ = {isa = PBXBuildFile; fileRef = 6885A1EF28442B9B004F6073 /* SceneDelegate.swift */; };
		6885A1F228442B9B004F6073 /* HomeViewController.swift in Sources */ = {isa = PBXBuildFile; fileRef = 6885A1F128442B9B004F6073 /* HomeViewController.swift */; };
		6885A1F728442B9C004F6073 /* Assets.xcassets in Resources */ = {isa = PBXBuildFile; fileRef = 6885A1F628442B9C004F6073 /* Assets.xcassets */; };
		6885A1FA28442B9C004F6073 /* LaunchScreen.storyboard in Resources */ = {isa = PBXBuildFile; fileRef = 6885A1F828442B9C004F6073 /* LaunchScreen.storyboard */; };
		6885A20528442B9D004F6073 /* MusicViewCodeTests.swift in Sources */ = {isa = PBXBuildFile; fileRef = 6885A20428442B9D004F6073 /* MusicViewCodeTests.swift */; };
		6885A20F28442B9D004F6073 /* MusicViewCodeUITests.swift in Sources */ = {isa = PBXBuildFile; fileRef = 6885A20E28442B9D004F6073 /* MusicViewCodeUITests.swift */; };
		6885A21128442B9D004F6073 /* MusicViewCodeUITestsLaunchTests.swift in Sources */ = {isa = PBXBuildFile; fileRef = 6885A21028442B9D004F6073 /* MusicViewCodeUITestsLaunchTests.swift */; };
		6885A22128442FBC004F6073 /* NSAttributedString + Extension.swift in Sources */ = {isa = PBXBuildFile; fileRef = 6885A21E28442FBC004F6073 /* NSAttributedString + Extension.swift */; };
		6885A22228442FBC004F6073 /* UIView + Extension.swift in Sources */ = {isa = PBXBuildFile; fileRef = 6885A21F28442FBC004F6073 /* UIView + Extension.swift */; };
		6885A22328442FBC004F6073 /* NSTextAttachment + Extension.swift in Sources */ = {isa = PBXBuildFile; fileRef = 6885A22028442FBC004F6073 /* NSTextAttachment + Extension.swift */; };
		6885A22628442FD0004F6073 /* CardViewModel.swift in Sources */ = {isa = PBXBuildFile; fileRef = 6885A22528442FD0004F6073 /* CardViewModel.swift */; };
/* End PBXBuildFile section */

/* Begin PBXContainerItemProxy section */
		6885A20128442B9D004F6073 /* PBXContainerItemProxy */ = {
			isa = PBXContainerItemProxy;
			containerPortal = 6885A1E228442B9B004F6073 /* Project object */;
			proxyType = 1;
			remoteGlobalIDString = 6885A1E928442B9B004F6073;
			remoteInfo = MusicViewCode;
		};
		6885A20B28442B9D004F6073 /* PBXContainerItemProxy */ = {
			isa = PBXContainerItemProxy;
			containerPortal = 6885A1E228442B9B004F6073 /* Project object */;
			proxyType = 1;
			remoteGlobalIDString = 6885A1E928442B9B004F6073;
			remoteInfo = MusicViewCode;
		};
/* End PBXContainerItemProxy section */

/* Begin PBXFileReference section */
		6885A1EA28442B9B004F6073 /* MusicViewCode.app */ = {isa = PBXFileReference; explicitFileType = wrapper.application; includeInIndex = 0; path = MusicViewCode.app; sourceTree = BUILT_PRODUCTS_DIR; };
		6885A1ED28442B9B004F6073 /* AppDelegate.swift */ = {isa = PBXFileReference; lastKnownFileType = sourcecode.swift; path = AppDelegate.swift; sourceTree = "<group>"; };
		6885A1EF28442B9B004F6073 /* SceneDelegate.swift */ = {isa = PBXFileReference; lastKnownFileType = sourcecode.swift; path = SceneDelegate.swift; sourceTree = "<group>"; };
		6885A1F128442B9B004F6073 /* HomeViewController.swift */ = {isa = PBXFileReference; lastKnownFileType = sourcecode.swift; path = HomeViewController.swift; sourceTree = "<group>"; };
		6885A1F628442B9C004F6073 /* Assets.xcassets */ = {isa = PBXFileReference; lastKnownFileType = folder.assetcatalog; path = Assets.xcassets; sourceTree = "<group>"; };
		6885A1F928442B9C004F6073 /* Base */ = {isa = PBXFileReference; lastKnownFileType = file.storyboard; name = Base; path = Base.lproj/LaunchScreen.storyboard; sourceTree = "<group>"; };
		6885A1FB28442B9C004F6073 /* Info.plist */ = {isa = PBXFileReference; lastKnownFileType = text.plist.xml; path = Info.plist; sourceTree = "<group>"; };
		6885A20028442B9D004F6073 /* MusicViewCodeTests.xctest */ = {isa = PBXFileReference; explicitFileType = wrapper.cfbundle; includeInIndex = 0; path = MusicViewCodeTests.xctest; sourceTree = BUILT_PRODUCTS_DIR; };
		6885A20428442B9D004F6073 /* MusicViewCodeTests.swift */ = {isa = PBXFileReference; lastKnownFileType = sourcecode.swift; path = MusicViewCodeTests.swift; sourceTree = "<group>"; };
		6885A20A28442B9D004F6073 /* MusicViewCodeUITests.xctest */ = {isa = PBXFileReference; explicitFileType = wrapper.cfbundle; includeInIndex = 0; path = MusicViewCodeUITests.xctest; sourceTree = BUILT_PRODUCTS_DIR; };
		6885A20E28442B9D004F6073 /* MusicViewCodeUITests.swift */ = {isa = PBXFileReference; lastKnownFileType = sourcecode.swift; path = MusicViewCodeUITests.swift; sourceTree = "<group>"; };
		6885A21028442B9D004F6073 /* MusicViewCodeUITestsLaunchTests.swift */ = {isa = PBXFileReference; lastKnownFileType = sourcecode.swift; path = MusicViewCodeUITestsLaunchTests.swift; sourceTree = "<group>"; };
		6885A21E28442FBC004F6073 /* NSAttributedString + Extension.swift */ = {isa = PBXFileReference; fileEncoding = 4; lastKnownFileType = sourcecode.swift; path = "NSAttributedString + Extension.swift"; sourceTree = "<group>"; };
		6885A21F28442FBC004F6073 /* UIView + Extension.swift */ = {isa = PBXFileReference; fileEncoding = 4; lastKnownFileType = sourcecode.swift; path = "UIView + Extension.swift"; sourceTree = "<group>"; };
		6885A22028442FBC004F6073 /* NSTextAttachment + Extension.swift */ = {isa = PBXFileReference; fileEncoding = 4; lastKnownFileType = sourcecode.swift; path = "NSTextAttachment + Extension.swift"; sourceTree = "<group>"; };
		6885A22528442FD0004F6073 /* CardViewModel.swift */ = {isa = PBXFileReference; fileEncoding = 4; lastKnownFileType = sourcecode.swift; path = CardViewModel.swift; sourceTree = "<group>"; };
/* End PBXFileReference section */

/* Begin PBXFrameworksBuildPhase section */
		6885A1E728442B9B004F6073 /* Frameworks */ = {
			isa = PBXFrameworksBuildPhase;
			buildActionMask = 2147483647;
			files = (
			);
			runOnlyForDeploymentPostprocessing = 0;
		};
		6885A1FD28442B9D004F6073 /* Frameworks */ = {
			isa = PBXFrameworksBuildPhase;
			buildActionMask = 2147483647;
			files = (
			);
			runOnlyForDeploymentPostprocessing = 0;
		};
		6885A20728442B9D004F6073 /* Frameworks */ = {
			isa = PBXFrameworksBuildPhase;
			buildActionMask = 2147483647;
			files = (
			);
			runOnlyForDeploymentPostprocessing = 0;
		};
/* End PBXFrameworksBuildPhase section */

/* Begin PBXGroup section */
		6885A1E128442B9B004F6073 = {
			isa = PBXGroup;
			children = (
				6885A1EC28442B9B004F6073 /* MusicViewCode */,
				6885A20328442B9D004F6073 /* MusicViewCodeTests */,
				6885A20D28442B9D004F6073 /* MusicViewCodeUITests */,
				6885A1EB28442B9B004F6073 /* Products */,
			);
			sourceTree = "<group>";
		};
		6885A1EB28442B9B004F6073 /* Products */ = {
			isa = PBXGroup;
			children = (
				6885A1EA28442B9B004F6073 /* MusicViewCode.app */,
				6885A20028442B9D004F6073 /* MusicViewCodeTests.xctest */,
				6885A20A28442B9D004F6073 /* MusicViewCodeUITests.xctest */,
			);
			name = Products;
			sourceTree = "<group>";
		};
		6885A1EC28442B9B004F6073 /* MusicViewCode */ = {
			isa = PBXGroup;
			children = (
				6885A22428442FD0004F6073 /* Model */,
				6885A21D28442FBC004F6073 /* Extension */,
				6885A1ED28442B9B004F6073 /* AppDelegate.swift */,
				6885A1EF28442B9B004F6073 /* SceneDelegate.swift */,
				6885A1F128442B9B004F6073 /* HomeViewController.swift */,
				6885A1F628442B9C004F6073 /* Assets.xcassets */,
				6885A1F828442B9C004F6073 /* LaunchScreen.storyboard */,
				6885A1FB28442B9C004F6073 /* Info.plist */,
			);
			path = MusicViewCode;
			sourceTree = "<group>";
		};
		6885A20328442B9D004F6073 /* MusicViewCodeTests */ = {
			isa = PBXGroup;
			children = (
				6885A20428442B9D004F6073 /* MusicViewCodeTests.swift */,
			);
			path = MusicViewCodeTests;
			sourceTree = "<group>";
		};
		6885A20D28442B9D004F6073 /* MusicViewCodeUITests */ = {
			isa = PBXGroup;
			children = (
				6885A20E28442B9D004F6073 /* MusicViewCodeUITests.swift */,
				6885A21028442B9D004F6073 /* MusicViewCodeUITestsLaunchTests.swift */,
			);
			path = MusicViewCodeUITests;
			sourceTree = "<group>";
		};
		6885A21D28442FBC004F6073 /* Extension */ = {
			isa = PBXGroup;
			children = (
				6885A21E28442FBC004F6073 /* NSAttributedString + Extension.swift */,
				6885A21F28442FBC004F6073 /* UIView + Extension.swift */,
				6885A22028442FBC004F6073 /* NSTextAttachment + Extension.swift */,
			);
			path = Extension;
			sourceTree = "<group>";
		};
		6885A22428442FD0004F6073 /* Model */ = {
			isa = PBXGroup;
			children = (
				6885A22528442FD0004F6073 /* CardViewModel.swift */,
			);
			path = Model;
			sourceTree = "<group>";
		};
/* End PBXGroup section */

/* Begin PBXNativeTarget section */
		6885A1E928442B9B004F6073 /* MusicViewCode */ = {
			isa = PBXNativeTarget;
			buildConfigurationList = 6885A21428442B9D004F6073 /* Build configuration list for PBXNativeTarget "MusicViewCode" */;
			buildPhases = (
				6885A1E628442B9B004F6073 /* Sources */,
				6885A1E728442B9B004F6073 /* Frameworks */,
				6885A1E828442B9B004F6073 /* Resources */,
			);
			buildRules = (
			);
			dependencies = (
			);
			name = MusicViewCode;
			productName = MusicViewCode;
			productReference = 6885A1EA28442B9B004F6073 /* MusicViewCode.app */;
			productType = "com.apple.product-type.application";
		};
		6885A1FF28442B9D004F6073 /* MusicViewCodeTests */ = {
			isa = PBXNativeTarget;
			buildConfigurationList = 6885A21728442B9D004F6073 /* Build configuration list for PBXNativeTarget "MusicViewCodeTests" */;
			buildPhases = (
				6885A1FC28442B9D004F6073 /* Sources */,
				6885A1FD28442B9D004F6073 /* Frameworks */,
				6885A1FE28442B9D004F6073 /* Resources */,
			);
			buildRules = (
			);
			dependencies = (
				6885A20228442B9D004F6073 /* PBXTargetDependency */,
			);
			name = MusicViewCodeTests;
			productName = MusicViewCodeTests;
			productReference = 6885A20028442B9D004F6073 /* MusicViewCodeTests.xctest */;
			productType = "com.apple.product-type.bundle.unit-test";
		};
		6885A20928442B9D004F6073 /* MusicViewCodeUITests */ = {
			isa = PBXNativeTarget;
			buildConfigurationList = 6885A21A28442B9D004F6073 /* Build configuration list for PBXNativeTarget "MusicViewCodeUITests" */;
			buildPhases = (
				6885A20628442B9D004F6073 /* Sources */,
				6885A20728442B9D004F6073 /* Frameworks */,
				6885A20828442B9D004F6073 /* Resources */,
			);
			buildRules = (
			);
			dependencies = (
				6885A20C28442B9D004F6073 /* PBXTargetDependency */,
			);
			name = MusicViewCodeUITests;
			productName = MusicViewCodeUITests;
			productReference = 6885A20A28442B9D004F6073 /* MusicViewCodeUITests.xctest */;
			productType = "com.apple.product-type.bundle.ui-testing";
		};
/* End PBXNativeTarget section */

/* Begin PBXProject section */
		6885A1E228442B9B004F6073 /* Project object */ = {
			isa = PBXProject;
			attributes = {
				BuildIndependentTargetsInParallel = 1;
				LastSwiftUpdateCheck = 1310;
				LastUpgradeCheck = 1310;
				TargetAttributes = {
					6885A1E928442B9B004F6073 = {
						CreatedOnToolsVersion = 13.1;
					};
					6885A1FF28442B9D004F6073 = {
						CreatedOnToolsVersion = 13.1;
						TestTargetID = 6885A1E928442B9B004F6073;
					};
					6885A20928442B9D004F6073 = {
						CreatedOnToolsVersion = 13.1;
						TestTargetID = 6885A1E928442B9B004F6073;
					};
				};
			};
			buildConfigurationList = 6885A1E528442B9B004F6073 /* Build configuration list for PBXProject "MusicViewCode" */;
			compatibilityVersion = "Xcode 13.0";
			developmentRegion = en;
			hasScannedForEncodings = 0;
			knownRegions = (
				en,
				Base,
			);
			mainGroup = 6885A1E128442B9B004F6073;
			productRefGroup = 6885A1EB28442B9B004F6073 /* Products */;
			projectDirPath = "";
			projectRoot = "";
			targets = (
				6885A1E928442B9B004F6073 /* MusicViewCode */,
				6885A1FF28442B9D004F6073 /* MusicViewCodeTests */,
				6885A20928442B9D004F6073 /* MusicViewCodeUITests */,
			);
		};
/* End PBXProject section */

/* Begin PBXResourcesBuildPhase section */
		6885A1E828442B9B004F6073 /* Resources */ = {
			isa = PBXResourcesBuildPhase;
			buildActionMask = 2147483647;
			files = (
				6885A1FA28442B9C004F6073 /* LaunchScreen.storyboard in Resources */,
				6885A1F728442B9C004F6073 /* Assets.xcassets in Resources */,
			);
			runOnlyForDeploymentPostprocessing = 0;
		};
		6885A1FE28442B9D004F6073 /* Resources */ = {
			isa = PBXResourcesBuildPhase;
			buildActionMask = 2147483647;
			files = (
			);
			runOnlyForDeploymentPostprocessing = 0;
		};
		6885A20828442B9D004F6073 /* Resources */ = {
			isa = PBXResourcesBuildPhase;
			buildActionMask = 2147483647;
			files = (
			);
			runOnlyForDeploymentPostprocessing = 0;
		};
/* End PBXResourcesBuildPhase section */

/* Begin PBXSourcesBuildPhase section */
		6885A1E628442B9B004F6073 /* Sources */ = {
			isa = PBXSourcesBuildPhase;
			buildActionMask = 2147483647;
			files = (
				6885A1F228442B9B004F6073 /* HomeViewController.swift in Sources */,
				6885A1EE28442B9B004F6073 /* AppDelegate.swift in Sources */,
				6885A22328442FBC004F6073 /* NSTextAttachment + Extension.swift in Sources */,
				6885A1F028442B9B004F6073 /* SceneDelegate.swift in Sources */,
				6885A22228442FBC004F6073 /* UIView + Extension.swift in Sources */,
				6885A22128442FBC004F6073 /* NSAttributedString + Extension.swift in Sources */,
				6885A22628442FD0004F6073 /* CardViewModel.swift in Sources */,
			);
			runOnlyForDeploymentPostprocessing = 0;
		};
		6885A1FC28442B9D004F6073 /* Sources */ = {
			isa = PBXSourcesBuildPhase;
			buildActionMask = 2147483647;
			files = (
				6885A20528442B9D004F6073 /* MusicViewCodeTests.swift in Sources */,
			);
			runOnlyForDeploymentPostprocessing = 0;
		};
		6885A20628442B9D004F6073 /* Sources */ = {
			isa = PBXSourcesBuildPhase;
			buildActionMask = 2147483647;
			files = (
				6885A21128442B9D004F6073 /* MusicViewCodeUITestsLaunchTests.swift in Sources */,
				6885A20F28442B9D004F6073 /* MusicViewCodeUITests.swift in Sources */,
			);
			runOnlyForDeploymentPostprocessing = 0;
		};
/* End PBXSourcesBuildPhase section */

/* Begin PBXTargetDependency section */
		6885A20228442B9D004F6073 /* PBXTargetDependency */ = {
			isa = PBXTargetDependency;
			target = 6885A1E928442B9B004F6073 /* MusicViewCode */;
			targetProxy = 6885A20128442B9D004F6073 /* PBXContainerItemProxy */;
		};
		6885A20C28442B9D004F6073 /* PBXTargetDependency */ = {
			isa = PBXTargetDependency;
			target = 6885A1E928442B9B004F6073 /* MusicViewCode */;
			targetProxy = 6885A20B28442B9D004F6073 /* PBXContainerItemProxy */;
		};
/* End PBXTargetDependency section */

/* Begin PBXVariantGroup section */
		6885A1F828442B9C004F6073 /* LaunchScreen.storyboard */ = {
			isa = PBXVariantGroup;
			children = (
				6885A1F928442B9C004F6073 /* Base */,
			);
			name = LaunchScreen.storyboard;
			sourceTree = "<group>";
		};
/* End PBXVariantGroup section */

/* Begin XCBuildConfiguration section */
		6885A21228442B9D004F6073 /* Debug */ = {
			isa = XCBuildConfiguration;
			buildSettings = {
				ALWAYS_SEARCH_USER_PATHS = NO;
				CLANG_ANALYZER_NONNULL = YES;
				CLANG_ANALYZER_NUMBER_OBJECT_CONVERSION = YES_AGGRESSIVE;
				CLANG_CXX_LANGUAGE_STANDARD = "gnu++17";
				CLANG_CXX_LIBRARY = "libc++";
				CLANG_ENABLE_MODULES = YES;
				CLANG_ENABLE_OBJC_ARC = YES;
				CLANG_ENABLE_OBJC_WEAK = YES;
				CLANG_WARN_BLOCK_CAPTURE_AUTORELEASING = YES;
				CLANG_WARN_BOOL_CONVERSION = YES;
				CLANG_WARN_COMMA = YES;
				CLANG_WARN_CONSTANT_CONVERSION = YES;
				CLANG_WARN_DEPRECATED_OBJC_IMPLEMENTATIONS = YES;
				CLANG_WARN_DIRECT_OBJC_ISA_USAGE = YES_ERROR;
				CLANG_WARN_DOCUMENTATION_COMMENTS = YES;
				CLANG_WARN_EMPTY_BODY = YES;
				CLANG_WARN_ENUM_CONVERSION = YES;
				CLANG_WARN_INFINITE_RECURSION = YES;
				CLANG_WARN_INT_CONVERSION = YES;
				CLANG_WARN_NON_LITERAL_NULL_CONVERSION = YES;
				CLANG_WARN_OBJC_IMPLICIT_RETAIN_SELF = YES;
				CLANG_WARN_OBJC_LITERAL_CONVERSION = YES;
				CLANG_WARN_OBJC_ROOT_CLASS = YES_ERROR;
				CLANG_WARN_QUOTED_INCLUDE_IN_FRAMEWORK_HEADER = YES;
				CLANG_WARN_RANGE_LOOP_ANALYSIS = YES;
				CLANG_WARN_STRICT_PROTOTYPES = YES;
				CLANG_WARN_SUSPICIOUS_MOVE = YES;
				CLANG_WARN_UNGUARDED_AVAILABILITY = YES_AGGRESSIVE;
				CLANG_WARN_UNREACHABLE_CODE = YES;
				CLANG_WARN__DUPLICATE_METHOD_MATCH = YES;
				COPY_PHASE_STRIP = NO;
				DEBUG_INFORMATION_FORMAT = dwarf;
				ENABLE_STRICT_OBJC_MSGSEND = YES;
				ENABLE_TESTABILITY = YES;
				GCC_C_LANGUAGE_STANDARD = gnu11;
				GCC_DYNAMIC_NO_PIC = NO;
				GCC_NO_COMMON_BLOCKS = YES;
				GCC_OPTIMIZATION_LEVEL = 0;
				GCC_PREPROCESSOR_DEFINITIONS = (
					"DEBUG=1",
					"$(inherited)",
				);
				GCC_WARN_64_TO_32_BIT_CONVERSION = YES;
				GCC_WARN_ABOUT_RETURN_TYPE = YES_ERROR;
				GCC_WARN_UNDECLARED_SELECTOR = YES;
				GCC_WARN_UNINITIALIZED_AUTOS = YES_AGGRESSIVE;
				GCC_WARN_UNUSED_FUNCTION = YES;
				GCC_WARN_UNUSED_VARIABLE = YES;
				IPHONEOS_DEPLOYMENT_TARGET = 15.0;
				MTL_ENABLE_DEBUG_INFO = INCLUDE_SOURCE;
				MTL_FAST_MATH = YES;
				ONLY_ACTIVE_ARCH = YES;
				SDKROOT = iphoneos;
				SWIFT_ACTIVE_COMPILATION_CONDITIONS = DEBUG;
				SWIFT_OPTIMIZATION_LEVEL = "-Onone";
			};
			name = Debug;
		};
		6885A21328442B9D004F6073 /* Release */ = {
			isa = XCBuildConfiguration;
			buildSettings = {
				ALWAYS_SEARCH_USER_PATHS = NO;
				CLANG_ANALYZER_NONNULL = YES;
				CLANG_ANALYZER_NUMBER_OBJECT_CONVERSION = YES_AGGRESSIVE;
				CLANG_CXX_LANGUAGE_STANDARD = "gnu++17";
				CLANG_CXX_LIBRARY = "libc++";
				CLANG_ENABLE_MODULES = YES;
				CLANG_ENABLE_OBJC_ARC = YES;
				CLANG_ENABLE_OBJC_WEAK = YES;
				CLANG_WARN_BLOCK_CAPTURE_AUTORELEASING = YES;
				CLANG_WARN_BOOL_CONVERSION = YES;
				CLANG_WARN_COMMA = YES;
				CLANG_WARN_CONSTANT_CONVERSION = YES;
				CLANG_WARN_DEPRECATED_OBJC_IMPLEMENTATIONS = YES;
				CLANG_WARN_DIRECT_OBJC_ISA_USAGE = YES_ERROR;
				CLANG_WARN_DOCUMENTATION_COMMENTS = YES;
				CLANG_WARN_EMPTY_BODY = YES;
				CLANG_WARN_ENUM_CONVERSION = YES;
				CLANG_WARN_INFINITE_RECURSION = YES;
				CLANG_WARN_INT_CONVERSION = YES;
				CLANG_WARN_NON_LITERAL_NULL_CONVERSION = YES;
				CLANG_WARN_OBJC_IMPLICIT_RETAIN_SELF = YES;
				CLANG_WARN_OBJC_LITERAL_CONVERSION = YES;
				CLANG_WARN_OBJC_ROOT_CLASS = YES_ERROR;
				CLANG_WARN_QUOTED_INCLUDE_IN_FRAMEWORK_HEADER = YES;
				CLANG_WARN_RANGE_LOOP_ANALYSIS = YES;
				CLANG_WARN_STRICT_PROTOTYPES = YES;
				CLANG_WARN_SUSPICIOUS_MOVE = YES;
				CLANG_WARN_UNGUARDED_AVAILABILITY = YES_AGGRESSIVE;
				CLANG_WARN_UNREACHABLE_CODE = YES;
				CLANG_WARN__DUPLICATE_METHOD_MATCH = YES;
				COPY_PHASE_STRIP = NO;
				DEBUG_INFORMATION_FORMAT = "dwarf-with-dsym";
				ENABLE_NS_ASSERTIONS = NO;
				ENABLE_STRICT_OBJC_MSGSEND = YES;
				GCC_C_LANGUAGE_STANDARD = gnu11;
				GCC_NO_COMMON_BLOCKS = YES;
				GCC_WARN_64_TO_32_BIT_CONVERSION = YES;
				GCC_WARN_ABOUT_RETURN_TYPE = YES_ERROR;
				GCC_WARN_UNDECLARED_SELECTOR = YES;
				GCC_WARN_UNINITIALIZED_AUTOS = YES_AGGRESSIVE;
				GCC_WARN_UNUSED_FUNCTION = YES;
				GCC_WARN_UNUSED_VARIABLE = YES;
				IPHONEOS_DEPLOYMENT_TARGET = 15.0;
				MTL_ENABLE_DEBUG_INFO = NO;
				MTL_FAST_MATH = YES;
				SDKROOT = iphoneos;
				SWIFT_COMPILATION_MODE = wholemodule;
				SWIFT_OPTIMIZATION_LEVEL = "-O";
				VALIDATE_PRODUCT = YES;
			};
			name = Release;
		};
		6885A21528442B9D004F6073 /* Debug */ = {
			isa = XCBuildConfiguration;
			buildSettings = {
				ASSETCATALOG_COMPILER_APPICON_NAME = AppIcon;
				ASSETCATALOG_COMPILER_GLOBAL_ACCENT_COLOR_NAME = AccentColor;
				CODE_SIGN_STYLE = Automatic;
				CURRENT_PROJECT_VERSION = 1;
				DEVELOPMENT_TEAM = 732277KLEB;
				GENERATE_INFOPLIST_FILE = YES;
				INFOPLIST_FILE = MusicViewCode/Info.plist;
				INFOPLIST_KEY_UIApplicationSupportsIndirectInputEvents = YES;
				INFOPLIST_KEY_UILaunchStoryboardName = LaunchScreen;
				INFOPLIST_KEY_UISupportedInterfaceOrientations_iPad = "UIInterfaceOrientationPortrait UIInterfaceOrientationPortraitUpsideDown UIInterfaceOrientationLandscapeLeft UIInterfaceOrientationLandscapeRight";
				INFOPLIST_KEY_UISupportedInterfaceOrientations_iPhone = "UIInterfaceOrientationPortrait UIInterfaceOrientationLandscapeLeft UIInterfaceOrientationLandscapeRight";
				LD_RUNPATH_SEARCH_PATHS = (
					"$(inherited)",
					"@executable_path/Frameworks",
				);
				MARKETING_VERSION = 1.0;
				PRODUCT_BUNDLE_IDENTIFIER = br.com.michellicristina.MusicViewCode;
				PRODUCT_NAME = "$(TARGET_NAME)";
				SWIFT_EMIT_LOC_STRINGS = YES;
				SWIFT_VERSION = 5.0;
				TARGETED_DEVICE_FAMILY = 1;
			};
			name = Debug;
		};
		6885A21628442B9D004F6073 /* Release */ = {
			isa = XCBuildConfiguration;
			buildSettings = {
				ASSETCATALOG_COMPILER_APPICON_NAME = AppIcon;
				ASSETCATALOG_COMPILER_GLOBAL_ACCENT_COLOR_NAME = AccentColor;
				CODE_SIGN_STYLE = Automatic;
				CURRENT_PROJECT_VERSION = 1;
				DEVELOPMENT_TEAM = 732277KLEB;
				GENERATE_INFOPLIST_FILE = YES;
				INFOPLIST_FILE = MusicViewCode/Info.plist;
				INFOPLIST_KEY_UIApplicationSupportsIndirectInputEvents = YES;
				INFOPLIST_KEY_UILaunchStoryboardName = LaunchScreen;
				INFOPLIST_KEY_UISupportedInterfaceOrientations_iPad = "UIInterfaceOrientationPortrait UIInterfaceOrientationPortraitUpsideDown UIInterfaceOrientationLandscapeLeft UIInterfaceOrientationLandscapeRight";
				INFOPLIST_KEY_UISupportedInterfaceOrientations_iPhone = "UIInterfaceOrientationPortrait UIInterfaceOrientationLandscapeLeft UIInterfaceOrientationLandscapeRight";
				LD_RUNPATH_SEARCH_PATHS = (
					"$(inherited)",
					"@executable_path/Frameworks",
				);
				MARKETING_VERSION = 1.0;
				PRODUCT_BUNDLE_IDENTIFIER = br.com.michellicristina.MusicViewCode;
				PRODUCT_NAME = "$(TARGET_NAME)";
				SWIFT_EMIT_LOC_STRINGS = YES;
				SWIFT_VERSION = 5.0;
				TARGETED_DEVICE_FAMILY = 1;
			};
			name = Release;
		};
		6885A21828442B9D004F6073 /* Debug */ = {
			isa = XCBuildConfiguration;
			buildSettings = {
				ALWAYS_EMBED_SWIFT_STANDARD_LIBRARIES = YES;
				BUNDLE_LOADER = "$(TEST_HOST)";
				CODE_SIGN_STYLE = Automatic;
				CURRENT_PROJECT_VERSION = 1;
				DEVELOPMENT_TEAM = 732277KLEB;
				GENERATE_INFOPLIST_FILE = YES;
				IPHONEOS_DEPLOYMENT_TARGET = 15.0;
				LD_RUNPATH_SEARCH_PATHS = (
					"$(inherited)",
					"@executable_path/Frameworks",
					"@loader_path/Frameworks",
				);
				MARKETING_VERSION = 1.0;
				PRODUCT_BUNDLE_IDENTIFIER = br.com.michellicristina.MusicViewCodeTests;
				PRODUCT_NAME = "$(TARGET_NAME)";
				SWIFT_EMIT_LOC_STRINGS = NO;
				SWIFT_VERSION = 5.0;
				TARGETED_DEVICE_FAMILY = "1,2";
				TEST_HOST = "$(BUILT_PRODUCTS_DIR)/MusicViewCode.app/MusicViewCode";
			};
			name = Debug;
		};
		6885A21928442B9D004F6073 /* Release */ = {
			isa = XCBuildConfiguration;
			buildSettings = {
				ALWAYS_EMBED_SWIFT_STANDARD_LIBRARIES = YES;
				BUNDLE_LOADER = "$(TEST_HOST)";
				CODE_SIGN_STYLE = Automatic;
				CURRENT_PROJECT_VERSION = 1;
				DEVELOPMENT_TEAM = 732277KLEB;
				GENERATE_INFOPLIST_FILE = YES;
				IPHONEOS_DEPLOYMENT_TARGET = 15.0;
				LD_RUNPATH_SEARCH_PATHS = (
					"$(inherited)",
					"@executable_path/Frameworks",
					"@loader_path/Frameworks",
				);
				MARKETING_VERSION = 1.0;
				PRODUCT_BUNDLE_IDENTIFIER = br.com.michellicristina.MusicViewCodeTests;
				PRODUCT_NAME = "$(TARGET_NAME)";
				SWIFT_EMIT_LOC_STRINGS = NO;
				SWIFT_VERSION = 5.0;
				TARGETED_DEVICE_FAMILY = "1,2";
				TEST_HOST = "$(BUILT_PRODUCTS_DIR)/MusicViewCode.app/MusicViewCode";
			};
			name = Release;
		};
		6885A21B28442B9D004F6073 /* Debug */ = {
			isa = XCBuildConfiguration;
			buildSettings = {
				ALWAYS_EMBED_SWIFT_STANDARD_LIBRARIES = YES;
				CODE_SIGN_STYLE = Automatic;
				CURRENT_PROJECT_VERSION = 1;
				DEVELOPMENT_TEAM = 732277KLEB;
				GENERATE_INFOPLIST_FILE = YES;
				LD_RUNPATH_SEARCH_PATHS = (
					"$(inherited)",
					"@executable_path/Frameworks",
					"@loader_path/Frameworks",
				);
				MARKETING_VERSION = 1.0;
				PRODUCT_BUNDLE_IDENTIFIER = br.com.michellicristina.MusicViewCodeUITests;
				PRODUCT_NAME = "$(TARGET_NAME)";
				SWIFT_EMIT_LOC_STRINGS = NO;
				SWIFT_VERSION = 5.0;
				TARGETED_DEVICE_FAMILY = "1,2";
				TEST_TARGET_NAME = MusicViewCode;
			};
			name = Debug;
		};
		6885A21C28442B9D004F6073 /* Release */ = {
			isa = XCBuildConfiguration;
			buildSettings = {
				ALWAYS_EMBED_SWIFT_STANDARD_LIBRARIES = YES;
				CODE_SIGN_STYLE = Automatic;
				CURRENT_PROJECT_VERSION = 1;
				DEVELOPMENT_TEAM = 732277KLEB;
				GENERATE_INFOPLIST_FILE = YES;
				LD_RUNPATH_SEARCH_PATHS = (
					"$(inherited)",
					"@executable_path/Frameworks",
					"@loader_path/Frameworks",
				);
				MARKETING_VERSION = 1.0;
				PRODUCT_BUNDLE_IDENTIFIER = br.com.michellicristina.MusicViewCodeUITests;
				PRODUCT_NAME = "$(TARGET_NAME)";
				SWIFT_EMIT_LOC_STRINGS = NO;
				SWIFT_VERSION = 5.0;
				TARGETED_DEVICE_FAMILY = "1,2";
				TEST_TARGET_NAME = MusicViewCode;
			};
			name = Release;
		};
/* End XCBuildConfiguration section */

/* Begin XCConfigurationList section */
		6885A1E528442B9B004F6073 /* Build configuration list for PBXProject "MusicViewCode" */ = {
			isa = XCConfigurationList;
			buildConfigurations = (
				6885A21228442B9D004F6073 /* Debug */,
				6885A21328442B9D004F6073 /* Release */,
			);
			defaultConfigurationIsVisible = 0;
			defaultConfigurationName = Release;
		};
		6885A21428442B9D004F6073 /* Build configuration list for PBXNativeTarget "MusicViewCode" */ = {
			isa = XCConfigurationList;
			buildConfigurations = (
				6885A21528442B9D004F6073 /* Debug */,
				6885A21628442B9D004F6073 /* Release */,
			);
			defaultConfigurationIsVisible = 0;
			defaultConfigurationName = Release;
		};
		6885A21728442B9D004F6073 /* Build configuration list for PBXNativeTarget "MusicViewCodeTests" */ = {
			isa = XCConfigurationList;
			buildConfigurations = (
				6885A21828442B9D004F6073 /* Debug */,
				6885A21928442B9D004F6073 /* Release */,
			);
			defaultConfigurationIsVisible = 0;
			defaultConfigurationName = Release;
		};
		6885A21A28442B9D004F6073 /* Build configuration list for PBXNativeTarget "MusicViewCodeUITests" */ = {
			isa = XCConfigurationList;
			buildConfigurations = (
				6885A21B28442B9D004F6073 /* Debug */,
				6885A21C28442B9D004F6073 /* Release */,
			);
			defaultConfigurationIsVisible = 0;
			defaultConfigurationName = Release;
		};
/* End XCConfigurationList section */
	};
	rootObject = 6885A1E228442B9B004F6073 /* Project object */;
}
